// !$*UTF8*$!
{
	archiveVersion = 1;
	classes = {
	};
	objectVersion = 50;
	objects = {

/* Begin PBXBuildFile section */
		2FC1A38124252F2800ABEECF /* AppDelegate.swift in Sources */ = {isa = PBXBuildFile; fileRef = 2FC1A38024252F2800ABEECF /* AppDelegate.swift */; };
		2FC1A38324252F2800ABEECF /* SceneDelegate.swift in Sources */ = {isa = PBXBuildFile; fileRef = 2FC1A38224252F2800ABEECF /* SceneDelegate.swift */; };
		2FC1A38524252F2800ABEECF /* ViewController.swift in Sources */ = {isa = PBXBuildFile; fileRef = 2FC1A38424252F2800ABEECF /* ViewController.swift */; };
		2FC1A38A24252F2A00ABEECF /* Assets.xcassets in Resources */ = {isa = PBXBuildFile; fileRef = 2FC1A38924252F2A00ABEECF /* Assets.xcassets */; };
		2FC1A38D24252F2A00ABEECF /* LaunchScreen.storyboard in Resources */ = {isa = PBXBuildFile; fileRef = 2FC1A38B24252F2A00ABEECF /* LaunchScreen.storyboard */; };
		2FC1A39A242535E600ABEECF /* Post.swift in Sources */ = {isa = PBXBuildFile; fileRef = 2FC1A399242535E500ABEECF /* Post.swift */; };
		2FC1A39C2425363700ABEECF /* Main.storyboard in Resources */ = {isa = PBXBuildFile; fileRef = 2FC1A39B2425363700ABEECF /* Main.storyboard */; };
/* End PBXBuildFile section */

/* Begin PBXFileReference section */
		2FC1A37D24252F2800ABEECF /* NASA_PIC_OF_THE_DAY.app */ = {isa = PBXFileReference; explicitFileType = wrapper.application; includeInIndex = 0; path = NASA_PIC_OF_THE_DAY.app; sourceTree = BUILT_PRODUCTS_DIR; };
		2FC1A38024252F2800ABEECF /* AppDelegate.swift */ = {isa = PBXFileReference; lastKnownFileType = sourcecode.swift; path = AppDelegate.swift; sourceTree = "<group>"; };
		2FC1A38224252F2800ABEECF /* SceneDelegate.swift */ = {isa = PBXFileReference; lastKnownFileType = sourcecode.swift; path = SceneDelegate.swift; sourceTree = "<group>"; };
		2FC1A38424252F2800ABEECF /* ViewController.swift */ = {isa = PBXFileReference; lastKnownFileType = sourcecode.swift; path = ViewController.swift; sourceTree = "<group>"; };
		2FC1A38924252F2A00ABEECF /* Assets.xcassets */ = {isa = PBXFileReference; lastKnownFileType = folder.assetcatalog; path = Assets.xcassets; sourceTree = "<group>"; };
		2FC1A38C24252F2A00ABEECF /* Base */ = {isa = PBXFileReference; lastKnownFileType = file.storyboard; name = Base; path = Base.lproj/LaunchScreen.storyboard; sourceTree = "<group>"; };
		2FC1A38E24252F2A00ABEECF /* Info.plist */ = {isa = PBXFileReference; lastKnownFileType = text.plist.xml; path = Info.plist; sourceTree = "<group>"; };
		2FC1A399242535E500ABEECF /* Post.swift */ = {isa = PBXFileReference; fileEncoding = 4; lastKnownFileType = sourcecode.swift; path = Post.swift; sourceTree = "<group>"; };
		2FC1A39B2425363700ABEECF /* Main.storyboard */ = {isa = PBXFileReference; fileEncoding = 4; lastKnownFileType = file.storyboard; path = Main.storyboard; sourceTree = "<group>"; };
/* End PBXFileReference section */

/* Begin PBXFrameworksBuildPhase section */
		2FC1A37A24252F2800ABEECF /* Frameworks */ = {
			isa = PBXFrameworksBuildPhase;
			buildActionMask = 2147483647;
			files = (
			);
			runOnlyForDeploymentPostprocessing = 0;
		};
/* End PBXFrameworksBuildPhase section */

/* Begin PBXGroup section */
		2FC1A37424252F2800ABEECF = {
			isa = PBXGroup;
			children = (
				2FC1A37F24252F2800ABEECF /* NASA_PIC_OF_THE_DAY */,
				2FC1A37E24252F2800ABEECF /* Products */,
			);
			sourceTree = "<group>";
		};
		2FC1A37E24252F2800ABEECF /* Products */ = {
			isa = PBXGroup;
			children = (
				2FC1A37D24252F2800ABEECF /* NASA_PIC_OF_THE_DAY.app */,
			);
			name = Products;
			sourceTree = "<group>";
		};
		2FC1A37F24252F2800ABEECF /* NASA_PIC_OF_THE_DAY */ = {
			isa = PBXGroup;
			children = (
				2FC1A39424252F3C00ABEECF /* SupportingFiles */,
				2FC1A38424252F2800ABEECF /* ViewController.swift */,
				2FC1A399242535E500ABEECF /* Post.swift */,
				2FC1A39B2425363700ABEECF /* Main.storyboard */,
				2FC1A38E24252F2A00ABEECF /* Info.plist */,
			);
			path = NASA_PIC_OF_THE_DAY;
			sourceTree = "<group>";
		};
		2FC1A39424252F3C00ABEECF /* SupportingFiles */ = {
			isa = PBXGroup;
			children = (
				2FC1A38024252F2800ABEECF /* AppDelegate.swift */,
				2FC1A38224252F2800ABEECF /* SceneDelegate.swift */,
				2FC1A38924252F2A00ABEECF /* Assets.xcassets */,
				2FC1A38B24252F2A00ABEECF /* LaunchScreen.storyboard */,
			);
			path = SupportingFiles;
			sourceTree = "<group>";
		};
/* End PBXGroup section */

/* Begin PBXNativeTarget section */
		2FC1A37C24252F2800ABEECF /* NASA_PIC_OF_THE_DAY */ = {
			isa = PBXNativeTarget;
			buildConfigurationList = 2FC1A39124252F2A00ABEECF /* Build configuration list for PBXNativeTarget "NASA_PIC_OF_THE_DAY" */;
			buildPhases = (
				2FC1A37924252F2800ABEECF /* Sources */,
				2FC1A37A24252F2800ABEECF /* Frameworks */,
				2FC1A37B24252F2800ABEECF /* Resources */,
			);
			buildRules = (
			);
			dependencies = (
			);
			name = NASA_PIC_OF_THE_DAY;
			productName = NASA_PIC_OF_THE_DAY;
			productReference = 2FC1A37D24252F2800ABEECF /* NASA_PIC_OF_THE_DAY.app */;
			productType = "com.apple.product-type.application";
		};
/* End PBXNativeTarget section */

/* Begin PBXProject section */
		2FC1A37524252F2800ABEECF /* Project object */ = {
			isa = PBXProject;
			attributes = {
				LastSwiftUpdateCheck = 1140;
				LastUpgradeCheck = 1140;
				ORGANIZATIONNAME = "Code Craft Blog";
				TargetAttributes = {
					2FC1A37C24252F2800ABEECF = {
						CreatedOnToolsVersion = 11.4;
					};
				};
			};
			buildConfigurationList = 2FC1A37824252F2800ABEECF /* Build configuration list for PBXProject "NASA_PIC_OF_THE_DAY" */;
			compatibilityVersion = "Xcode 9.3";
			developmentRegion = en;
			hasScannedForEncodings = 0;
			knownRegions = (
				en,
				Base,
			);
			mainGroup = 2FC1A37424252F2800ABEECF;
			productRefGroup = 2FC1A37E24252F2800ABEECF /* Products */;
			projectDirPath = "";
			projectRoot = "";
			targets = (
				2FC1A37C24252F2800ABEECF /* NASA_PIC_OF_THE_DAY */,
			);
		};
/* End PBXProject section */

/* Begin PBXResourcesBuildPhase section */
		2FC1A37B24252F2800ABEECF /* Resources */ = {
			isa = PBXResourcesBuildPhase;
			buildActionMask = 2147483647;
			files = (
				2FC1A39C2425363700ABEECF /* Main.storyboard in Resources */,
				2FC1A38D24252F2A00ABEECF /* LaunchScreen.storyboard in Resources */,
				2FC1A38A24252F2A00ABEECF /* Assets.xcassets in Resources */,
			);
			runOnlyForDeploymentPostprocessing = 0;
		};
/* End PBXResourcesBuildPhase section */

/* Begin PBXSourcesBuildPhase section */
		2FC1A37924252F2800ABEECF /* Sources */ = {
			isa = PBXSourcesBuildPhase;
			buildActionMask = 2147483647;
			files = (
				2FC1A38524252F2800ABEECF /* ViewController.swift in Sources */,
				2FC1A38124252F2800ABEECF /* AppDelegate.swift in Sources */,
				2FC1A38324252F2800ABEECF /* SceneDelegate.swift in Sources */,
				2FC1A39A242535E600ABEECF /* Post.swift in Sources */,
			);
			runOnlyForDeploymentPostprocessing = 0;
		};
/* End PBXSourcesBuildPhase section */

/* Begin PBXVariantGroup section */
		2FC1A38B24252F2A00ABEECF /* LaunchScreen.storyboard */ = {
			isa = PBXVariantGroup;
			children = (
				2FC1A38C24252F2A00ABEECF /* Base */,
			);
			name = LaunchScreen.storyboard;
			sourceTree = "<group>";
		};
/* End PBXVariantGroup section */

/* Begin XCBuildConfiguration section */
		2FC1A38F24252F2A00ABEECF /* Debug */ = {
			isa = XCBuildConfiguration;
			buildSettings = {
				ALWAYS_SEARCH_USER_PATHS = NO;
				CLANG_ANALYZER_NONNULL = YES;
				CLANG_ANALYZER_NUMBER_OBJECT_CONVERSION = YES_AGGRESSIVE;
				CLANG_CXX_LANGUAGE_STANDARD = "gnu++14";
				CLANG_CXX_LIBRARY = "libc++";
				CLANG_ENABLE_MODULES = YES;
				CLANG_ENABLE_OBJC_ARC = YES;
				CLANG_ENABLE_OBJC_WEAK = YES;
				CLANG_WARN_BLOCK_CAPTURE_AUTORELEASING = YES;
				CLANG_WARN_BOOL_CONVERSION = YES;
				CLANG_WARN_COMMA = YES;
				CLANG_WARN_CONSTANT_CONVERSION = YES;
				CLANG_WARN_DEPRECATED_OBJC_IMPLEMENTATIONS = YES;
				CLANG_WARN_DIRECT_OBJC_ISA_USAGE = YES_ERROR;
				CLANG_WARN_DOCUMENTATION_COMMENTS = YES;
				CLANG_WARN_EMPTY_BODY = YES;
				CLANG_WARN_ENUM_CONVERSION = YES;
				CLANG_WARN_INFINITE_RECURSION = YES;
				CLANG_WARN_INT_CONVERSION = YES;
				CLANG_WARN_NON_LITERAL_NULL_CONVERSION = YES;
				CLANG_WARN_OBJC_IMPLICIT_RETAIN_SELF = YES;
				CLANG_WARN_OBJC_LITERAL_CONVERSION = YES;
				CLANG_WARN_OBJC_ROOT_CLASS = YES_ERROR;
				CLANG_WARN_RANGE_LOOP_ANALYSIS = YES;
				CLANG_WARN_STRICT_PROTOTYPES = YES;
				CLANG_WARN_SUSPICIOUS_MOVE = YES;
				CLANG_WARN_UNGUARDED_AVAILABILITY = YES_AGGRESSIVE;
				CLANG_WARN_UNREACHABLE_CODE = YES;
				CLANG_WARN__DUPLICATE_METHOD_MATCH = YES;
				COPY_PHASE_STRIP = NO;
				DEBUG_INFORMATION_FORMAT = dwarf;
				ENABLE_STRICT_OBJC_MSGSEND = YES;
				ENABLE_TESTABILITY = YES;
				GCC_C_LANGUAGE_STANDARD = gnu11;
				GCC_DYNAMIC_NO_PIC = NO;
				GCC_NO_COMMON_BLOCKS = YES;
				GCC_OPTIMIZATION_LEVEL = 0;
				GCC_PREPROCESSOR_DEFINITIONS = (
					"DEBUG=1",
					"$(inherited)",
				);
				GCC_WARN_64_TO_32_BIT_CONVERSION = YES;
				GCC_WARN_ABOUT_RETURN_TYPE = YES_ERROR;
				GCC_WARN_UNDECLARED_SELECTOR = YES;
				GCC_WARN_UNINITIALIZED_AUTOS = YES_AGGRESSIVE;
				GCC_WARN_UNUSED_FUNCTION = YES;
				GCC_WARN_UNUSED_VARIABLE = YES;
				IPHONEOS_DEPLOYMENT_TARGET = 13.4;
				MTL_ENABLE_DEBUG_INFO = INCLUDE_SOURCE;
				MTL_FAST_MATH = YES;
				ONLY_ACTIVE_ARCH = YES;
				SDKROOT = iphoneos;
				SWIFT_ACTIVE_COMPILATION_CONDITIONS = DEBUG;
				SWIFT_OPTIMIZATION_LEVEL = "-Onone";
			};
			name = Debug;
		};
		2FC1A39024252F2A00ABEECF /* Release */ = {
			isa = XCBuildConfiguration;
			buildSettings = {
				ALWAYS_SEARCH_USER_PATHS = NO;
				CLANG_ANALYZER_NONNULL = YES;
				CLANG_ANALYZER_NUMBER_OBJECT_CONVERSION = YES_AGGRESSIVE;
				CLANG_CXX_LANGUAGE_STANDARD = "gnu++14";
				CLANG_CXX_LIBRARY = "libc++";
				CLANG_ENABLE_MODULES = YES;
				CLANG_ENABLE_OBJC_ARC = YES;
				CLANG_ENABLE_OBJC_WEAK = YES;
				CLANG_WARN_BLOCK_CAPTURE_AUTORELEASING = YES;
				CLANG_WARN_BOOL_CONVERSION = YES;
				CLANG_WARN_COMMA = YES;
				CLANG_WARN_CONSTANT_CONVERSION = YES;
				CLANG_WARN_DEPRECATED_OBJC_IMPLEMENTATIONS = YES;
				CLANG_WARN_DIRECT_OBJC_ISA_USAGE = YES_ERROR;
				CLANG_WARN_DOCUMENTATION_COMMENTS = YES;
				CLANG_WARN_EMPTY_BODY = YES;
				CLANG_WARN_ENUM_CONVERSION = YES;
				CLANG_WARN_INFINITE_RECURSION = YES;
				CLANG_WARN_INT_CONVERSION = YES;
				CLANG_WARN_NON_LITERAL_NULL_CONVERSION = YES;
				CLANG_WARN_OBJC_IMPLICIT_RETAIN_SELF = YES;
				CLANG_WARN_OBJC_LITERAL_CONVERSION = YES;
				CLANG_WARN_OBJC_ROOT_CLASS = YES_ERROR;
				CLANG_WARN_RANGE_LOOP_ANALYSIS = YES;
				CLANG_WARN_STRICT_PROTOTYPES = YES;
				CLANG_WARN_SUSPICIOUS_MOVE = YES;
				CLANG_WARN_UNGUARDED_AVAILABILITY = YES_AGGRESSIVE;
				CLANG_WARN_UNREACHABLE_CODE = YES;
				CLANG_WARN__DUPLICATE_METHOD_MATCH = YES;
				COPY_PHASE_STRIP = NO;
				DEBUG_INFORMATION_FORMAT = "dwarf-with-dsym";
				ENABLE_NS_ASSERTIONS = NO;
				ENABLE_STRICT_OBJC_MSGSEND = YES;
				GCC_C_LANGUAGE_STANDARD = gnu11;
				GCC_NO_COMMON_BLOCKS = YES;
				GCC_WARN_64_TO_32_BIT_CONVERSION = YES;
				GCC_WARN_ABOUT_RETURN_TYPE = YES_ERROR;
				GCC_WARN_UNDECLARED_SELECTOR = YES;
				GCC_WARN_UNINITIALIZED_AUTOS = YES_AGGRESSIVE;
				GCC_WARN_UNUSED_FUNCTION = YES;
				GCC_WARN_UNUSED_VARIABLE = YES;
				IPHONEOS_DEPLOYMENT_TARGET = 13.4;
				MTL_ENABLE_DEBUG_INFO = NO;
				MTL_FAST_MATH = YES;
				SDKROOT = iphoneos;
				SWIFT_COMPILATION_MODE = wholemodule;
				SWIFT_OPTIMIZATION_LEVEL = "-O";
				VALIDATE_PRODUCT = YES;
			};
			name = Release;
		};
		2FC1A39224252F2A00ABEECF /* Debug */ = {
			isa = XCBuildConfiguration;
			buildSettings = {
				ASSETCATALOG_COMPILER_APPICON_NAME = AppIcon;
				CODE_SIGN_STYLE = Automatic;
				INFOPLIST_FILE = NASA_PIC_OF_THE_DAY/Info.plist;
				LD_RUNPATH_SEARCH_PATHS = (
					"$(inherited)",
					"@executable_path/Frameworks",
				);
				PRODUCT_BUNDLE_IDENTIFIER = "com.codecraft.blog.NASA-PIC-OF-THE-DAY";
				PRODUCT_NAME = "$(TARGET_NAME)";
				SWIFT_VERSION = 5.0;
				TARGETED_DEVICE_FAMILY = "1,2";
			};
			name = Debug;
		};
		2FC1A39324252F2A00ABEECF /* Release */ = {
			isa = XCBuildConfiguration;
			buildSettings = {
				ASSETCATALOG_COMPILER_APPICON_NAME = AppIcon;
				CODE_SIGN_STYLE = Automatic;
				INFOPLIST_FILE = NASA_PIC_OF_THE_DAY/Info.plist;
				LD_RUNPATH_SEARCH_PATHS = (
					"$(inherited)",
					"@executable_path/Frameworks",
				);
				PRODUCT_BUNDLE_IDENTIFIER = "com.codecraft.blog.NASA-PIC-OF-THE-DAY";
				PRODUCT_NAME = "$(TARGET_NAME)";
				SWIFT_VERSION = 5.0;
				TARGETED_DEVICE_FAMILY = "1,2";
			};
			name = Release;
		};
/* End XCBuildConfiguration section */

/* Begin XCConfigurationList section */
		2FC1A37824252F2800ABEECF /* Build configuration list for PBXProject "NASA_PIC_OF_THE_DAY" */ = {
			isa = XCConfigurationList;
			buildConfigurations = (
				2FC1A38F24252F2A00ABEECF /* Debug */,
				2FC1A39024252F2A00ABEECF /* Release */,
			);
			defaultConfigurationIsVisible = 0;
			defaultConfigurationName = Release;
		};
		2FC1A39124252F2A00ABEECF /* Build configuration list for PBXNativeTarget "NASA_PIC_OF_THE_DAY" */ = {
			isa = XCConfigurationList;
			buildConfigurations = (
				2FC1A39224252F2A00ABEECF /* Debug */,
				2FC1A39324252F2A00ABEECF /* Release */,
			);
			defaultConfigurationIsVisible = 0;
			defaultConfigurationName = Release;
		};
/* End XCConfigurationList section */
	};
	rootObject = 2FC1A37524252F2800ABEECF /* Project object */;
}
